
Microsoft Visual Studio Solution File, Format Version 12.00
# Visual Studio 15
VisualStudioVersion = 15.0.26124.0
MinimumVisualStudioVersion = 15.0.26124.0
Project("{2150E333-8FDC-42A3-9474-1A3956D46DE8}") = "Threads", "Threads", "{5970AD4D-3BAB-4EA0-ABF5-11D7B2C439A6}"
EndProject
Project("{FAE04EC0-301F-11D3-BF4B-00C04F79EFBC}") = "Thread_Basic", "Threads\Thread_Basic\Thread_Basic.csproj", "{4FC933EE-FE2A-4952-A924-35A904079DFA}"
EndProject
Project("{FAE04EC0-301F-11D3-BF4B-00C04F79EFBC}") = "Thread_Multi", "Threads\Thread_Multi\Thread_Multi.csproj", "{64C3DFEC-88F1-4941-818F-5C4FBB07EF53}"
EndProject
Project("{FAE04EC0-301F-11D3-BF4B-00C04F79EFBC}") = "Thread_Background", "Threads\Thread_Background\Thread_Background.csproj", "{4C16D278-9482-4222-8685-277F5E066197}"
EndProject
Project("{FAE04EC0-301F-11D3-BF4B-00C04F79EFBC}") = "Thread_Safe", "Threads\Thread_Safe\Thread_Safe.csproj", "{53F636F9-801E-4157-9CB9-F76B3A07C717}"
EndProject
Project("{FAE04EC0-301F-11D3-BF4B-00C04F79EFBC}") = "Thread_Id", "Threads\Thread_Id\Thread_Id.csproj", "{4839C7AB-2BEA-4B8A-80DB-6AFDEA17F916}"
EndProject
Project("{FAE04EC0-301F-11D3-BF4B-00C04F79EFBC}") = "Thread_Methods", "Threads\Thread_Methods\Thread_Methods.csproj", "{A5CE7961-C1D9-4B3A-A186-BAB5F290C5DF}"
EndProject
Project("{FAE04EC0-301F-11D3-BF4B-00C04F79EFBC}") = "Thread_AutoManual", "Threads\Thread_AutoManual\Thread_AutoManual.csproj", "{14985D4F-6B50-431B-A459-32EC9F9D9FF2}"
EndProject
Project("{2150E333-8FDC-42A3-9474-1A3956D46DE8}") = "Delegates", "Delegates", "{543961E9-535A-4B54-B979-7024494A6FD9}"
EndProject
Project("{FAE04EC0-301F-11D3-BF4B-00C04F79EFBC}") = "Delegate_Basic", "Delegates\Delegate_Basic\Delegate_Basic.csproj", "{8D08F526-F9D1-44C9-9D7B-DB2C1B5DC0DB}"
EndProject
Project("{FAE04EC0-301F-11D3-BF4B-00C04F79EFBC}") = "Delegate_Basic2", "Delegates\Delegate_Basic2\Delegate_Basic2.csproj", "{AD6A74F7-B447-4E44-A07B-4B628EAAC752}"
EndProject
Global
	GlobalSection(SolutionConfigurationPlatforms) = preSolution
		Debug|Any CPU = Debug|Any CPU
		Debug|x64 = Debug|x64
		Debug|x86 = Debug|x86
		Release|Any CPU = Release|Any CPU
		Release|x64 = Release|x64
		Release|x86 = Release|x86
	EndGlobalSection
	GlobalSection(SolutionProperties) = preSolution
		HideSolutionNode = FALSE
	EndGlobalSection
	GlobalSection(ProjectConfigurationPlatforms) = postSolution
		{4FC933EE-FE2A-4952-A924-35A904079DFA}.Debug|Any CPU.ActiveCfg = Debug|Any CPU
		{4FC933EE-FE2A-4952-A924-35A904079DFA}.Debug|Any CPU.Build.0 = Debug|Any CPU
		{4FC933EE-FE2A-4952-A924-35A904079DFA}.Debug|x64.ActiveCfg = Debug|Any CPU
		{4FC933EE-FE2A-4952-A924-35A904079DFA}.Debug|x64.Build.0 = Debug|Any CPU
		{4FC933EE-FE2A-4952-A924-35A904079DFA}.Debug|x86.ActiveCfg = Debug|Any CPU
		{4FC933EE-FE2A-4952-A924-35A904079DFA}.Debug|x86.Build.0 = Debug|Any CPU
		{4FC933EE-FE2A-4952-A924-35A904079DFA}.Release|Any CPU.ActiveCfg = Release|Any CPU
		{4FC933EE-FE2A-4952-A924-35A904079DFA}.Release|Any CPU.Build.0 = Release|Any CPU
		{4FC933EE-FE2A-4952-A924-35A904079DFA}.Release|x64.ActiveCfg = Release|Any CPU
		{4FC933EE-FE2A-4952-A924-35A904079DFA}.Release|x64.Build.0 = Release|Any CPU
		{4FC933EE-FE2A-4952-A924-35A904079DFA}.Release|x86.ActiveCfg = Release|Any CPU
		{4FC933EE-FE2A-4952-A924-35A904079DFA}.Release|x86.Build.0 = Release|Any CPU
		{64C3DFEC-88F1-4941-818F-5C4FBB07EF53}.Debug|Any CPU.ActiveCfg = Debug|Any CPU
		{64C3DFEC-88F1-4941-818F-5C4FBB07EF53}.Debug|Any CPU.Build.0 = Debug|Any CPU
		{64C3DFEC-88F1-4941-818F-5C4FBB07EF53}.Debug|x64.ActiveCfg = Debug|Any CPU
		{64C3DFEC-88F1-4941-818F-5C4FBB07EF53}.Debug|x64.Build.0 = Debug|Any CPU
		{64C3DFEC-88F1-4941-818F-5C4FBB07EF53}.Debug|x86.ActiveCfg = Debug|Any CPU
		{64C3DFEC-88F1-4941-818F-5C4FBB07EF53}.Debug|x86.Build.0 = Debug|Any CPU
		{64C3DFEC-88F1-4941-818F-5C4FBB07EF53}.Release|Any CPU.ActiveCfg = Release|Any CPU
		{64C3DFEC-88F1-4941-818F-5C4FBB07EF53}.Release|Any CPU.Build.0 = Release|Any CPU
		{64C3DFEC-88F1-4941-818F-5C4FBB07EF53}.Release|x64.ActiveCfg = Release|Any CPU
		{64C3DFEC-88F1-4941-818F-5C4FBB07EF53}.Release|x64.Build.0 = Release|Any CPU
		{64C3DFEC-88F1-4941-818F-5C4FBB07EF53}.Release|x86.ActiveCfg = Release|Any CPU
		{64C3DFEC-88F1-4941-818F-5C4FBB07EF53}.Release|x86.Build.0 = Release|Any CPU
		{4C16D278-9482-4222-8685-277F5E066197}.Debug|Any CPU.ActiveCfg = Debug|Any CPU
		{4C16D278-9482-4222-8685-277F5E066197}.Debug|Any CPU.Build.0 = Debug|Any CPU
		{4C16D278-9482-4222-8685-277F5E066197}.Debug|x64.ActiveCfg = Debug|Any CPU
		{4C16D278-9482-4222-8685-277F5E066197}.Debug|x64.Build.0 = Debug|Any CPU
		{4C16D278-9482-4222-8685-277F5E066197}.Debug|x86.ActiveCfg = Debug|Any CPU
		{4C16D278-9482-4222-8685-277F5E066197}.Debug|x86.Build.0 = Debug|Any CPU
		{4C16D278-9482-4222-8685-277F5E066197}.Release|Any CPU.ActiveCfg = Release|Any CPU
		{4C16D278-9482-4222-8685-277F5E066197}.Release|Any CPU.Build.0 = Release|Any CPU
		{4C16D278-9482-4222-8685-277F5E066197}.Release|x64.ActiveCfg = Release|Any CPU
		{4C16D278-9482-4222-8685-277F5E066197}.Release|x64.Build.0 = Release|Any CPU
		{4C16D278-9482-4222-8685-277F5E066197}.Release|x86.ActiveCfg = Release|Any CPU
		{4C16D278-9482-4222-8685-277F5E066197}.Release|x86.Build.0 = Release|Any CPU
		{53F636F9-801E-4157-9CB9-F76B3A07C717}.Debug|Any CPU.ActiveCfg = Debug|Any CPU
		{53F636F9-801E-4157-9CB9-F76B3A07C717}.Debug|Any CPU.Build.0 = Debug|Any CPU
		{53F636F9-801E-4157-9CB9-F76B3A07C717}.Debug|x64.ActiveCfg = Debug|Any CPU
		{53F636F9-801E-4157-9CB9-F76B3A07C717}.Debug|x64.Build.0 = Debug|Any CPU
		{53F636F9-801E-4157-9CB9-F76B3A07C717}.Debug|x86.ActiveCfg = Debug|Any CPU
		{53F636F9-801E-4157-9CB9-F76B3A07C717}.Debug|x86.Build.0 = Debug|Any CPU
		{53F636F9-801E-4157-9CB9-F76B3A07C717}.Release|Any CPU.ActiveCfg = Release|Any CPU
		{53F636F9-801E-4157-9CB9-F76B3A07C717}.Release|Any CPU.Build.0 = Release|Any CPU
		{53F636F9-801E-4157-9CB9-F76B3A07C717}.Release|x64.ActiveCfg = Release|Any CPU
		{53F636F9-801E-4157-9CB9-F76B3A07C717}.Release|x64.Build.0 = Release|Any CPU
		{53F636F9-801E-4157-9CB9-F76B3A07C717}.Release|x86.ActiveCfg = Release|Any CPU
		{53F636F9-801E-4157-9CB9-F76B3A07C717}.Release|x86.Build.0 = Release|Any CPU
		{4839C7AB-2BEA-4B8A-80DB-6AFDEA17F916}.Debug|Any CPU.ActiveCfg = Debug|Any CPU
		{4839C7AB-2BEA-4B8A-80DB-6AFDEA17F916}.Debug|Any CPU.Build.0 = Debug|Any CPU
		{4839C7AB-2BEA-4B8A-80DB-6AFDEA17F916}.Debug|x64.ActiveCfg = Debug|Any CPU
		{4839C7AB-2BEA-4B8A-80DB-6AFDEA17F916}.Debug|x64.Build.0 = Debug|Any CPU
		{4839C7AB-2BEA-4B8A-80DB-6AFDEA17F916}.Debug|x86.ActiveCfg = Debug|Any CPU
		{4839C7AB-2BEA-4B8A-80DB-6AFDEA17F916}.Debug|x86.Build.0 = Debug|Any CPU
		{4839C7AB-2BEA-4B8A-80DB-6AFDEA17F916}.Release|Any CPU.ActiveCfg = Release|Any CPU
		{4839C7AB-2BEA-4B8A-80DB-6AFDEA17F916}.Release|Any CPU.Build.0 = Release|Any CPU
		{4839C7AB-2BEA-4B8A-80DB-6AFDEA17F916}.Release|x64.ActiveCfg = Release|Any CPU
		{4839C7AB-2BEA-4B8A-80DB-6AFDEA17F916}.Release|x64.Build.0 = Release|Any CPU
		{4839C7AB-2BEA-4B8A-80DB-6AFDEA17F916}.Release|x86.ActiveCfg = Release|Any CPU
		{4839C7AB-2BEA-4B8A-80DB-6AFDEA17F916}.Release|x86.Build.0 = Release|Any CPU
		{A5CE7961-C1D9-4B3A-A186-BAB5F290C5DF}.Debug|Any CPU.ActiveCfg = Debug|Any CPU
		{A5CE7961-C1D9-4B3A-A186-BAB5F290C5DF}.Debug|Any CPU.Build.0 = Debug|Any CPU
		{A5CE7961-C1D9-4B3A-A186-BAB5F290C5DF}.Debug|x64.ActiveCfg = Debug|Any CPU
		{A5CE7961-C1D9-4B3A-A186-BAB5F290C5DF}.Debug|x64.Build.0 = Debug|Any CPU
		{A5CE7961-C1D9-4B3A-A186-BAB5F290C5DF}.Debug|x86.ActiveCfg = Debug|Any CPU
		{A5CE7961-C1D9-4B3A-A186-BAB5F290C5DF}.Debug|x86.Build.0 = Debug|Any CPU
		{A5CE7961-C1D9-4B3A-A186-BAB5F290C5DF}.Release|Any CPU.ActiveCfg = Release|Any CPU
		{A5CE7961-C1D9-4B3A-A186-BAB5F290C5DF}.Release|Any CPU.Build.0 = Release|Any CPU
		{A5CE7961-C1D9-4B3A-A186-BAB5F290C5DF}.Release|x64.ActiveCfg = Release|Any CPU
		{A5CE7961-C1D9-4B3A-A186-BAB5F290C5DF}.Release|x64.Build.0 = Release|Any CPU
		{A5CE7961-C1D9-4B3A-A186-BAB5F290C5DF}.Release|x86.ActiveCfg = Release|Any CPU
		{A5CE7961-C1D9-4B3A-A186-BAB5F290C5DF}.Release|x86.Build.0 = Release|Any CPU
		{14985D4F-6B50-431B-A459-32EC9F9D9FF2}.Debug|Any CPU.ActiveCfg = Debug|Any CPU
		{14985D4F-6B50-431B-A459-32EC9F9D9FF2}.Debug|Any CPU.Build.0 = Debug|Any CPU
		{14985D4F-6B50-431B-A459-32EC9F9D9FF2}.Debug|x64.ActiveCfg = Debug|Any CPU
		{14985D4F-6B50-431B-A459-32EC9F9D9FF2}.Debug|x64.Build.0 = Debug|Any CPU
		{14985D4F-6B50-431B-A459-32EC9F9D9FF2}.Debug|x86.ActiveCfg = Debug|Any CPU
		{14985D4F-6B50-431B-A459-32EC9F9D9FF2}.Debug|x86.Build.0 = Debug|Any CPU
		{14985D4F-6B50-431B-A459-32EC9F9D9FF2}.Release|Any CPU.ActiveCfg = Release|Any CPU
		{14985D4F-6B50-431B-A459-32EC9F9D9FF2}.Release|Any CPU.Build.0 = Release|Any CPU
		{14985D4F-6B50-431B-A459-32EC9F9D9FF2}.Release|x64.ActiveCfg = Release|Any CPU
		{14985D4F-6B50-431B-A459-32EC9F9D9FF2}.Release|x64.Build.0 = Release|Any CPU
		{14985D4F-6B50-431B-A459-32EC9F9D9FF2}.Release|x86.ActiveCfg = Release|Any CPU
		{14985D4F-6B50-431B-A459-32EC9F9D9FF2}.Release|x86.Build.0 = Release|Any CPU
		{8D08F526-F9D1-44C9-9D7B-DB2C1B5DC0DB}.Debug|Any CPU.ActiveCfg = Debug|Any CPU
		{8D08F526-F9D1-44C9-9D7B-DB2C1B5DC0DB}.Debug|Any CPU.Build.0 = Debug|Any CPU
		{8D08F526-F9D1-44C9-9D7B-DB2C1B5DC0DB}.Debug|x64.ActiveCfg = Debug|Any CPU
		{8D08F526-F9D1-44C9-9D7B-DB2C1B5DC0DB}.Debug|x64.Build.0 = Debug|Any CPU
		{8D08F526-F9D1-44C9-9D7B-DB2C1B5DC0DB}.Debug|x86.ActiveCfg = Debug|Any CPU
		{8D08F526-F9D1-44C9-9D7B-DB2C1B5DC0DB}.Debug|x86.Build.0 = Debug|Any CPU
		{8D08F526-F9D1-44C9-9D7B-DB2C1B5DC0DB}.Release|Any CPU.ActiveCfg = Release|Any CPU
		{8D08F526-F9D1-44C9-9D7B-DB2C1B5DC0DB}.Release|Any CPU.Build.0 = Release|Any CPU
		{8D08F526-F9D1-44C9-9D7B-DB2C1B5DC0DB}.Release|x64.ActiveCfg = Release|Any CPU
		{8D08F526-F9D1-44C9-9D7B-DB2C1B5DC0DB}.Release|x64.Build.0 = Release|Any CPU
		{8D08F526-F9D1-44C9-9D7B-DB2C1B5DC0DB}.Release|x86.ActiveCfg = Release|Any CPU
		{8D08F526-F9D1-44C9-9D7B-DB2C1B5DC0DB}.Release|x86.Build.0 = Release|Any CPU
		{AD6A74F7-B447-4E44-A07B-4B628EAAC752}.Debug|Any CPU.ActiveCfg = Debug|Any CPU
		{AD6A74F7-B447-4E44-A07B-4B628EAAC752}.Debug|Any CPU.Build.0 = Debug|Any CPU
		{AD6A74F7-B447-4E44-A07B-4B628EAAC752}.Debug|x64.ActiveCfg = Debug|Any CPU
		{AD6A74F7-B447-4E44-A07B-4B628EAAC752}.Debug|x64.Build.0 = Debug|Any CPU
		{AD6A74F7-B447-4E44-A07B-4B628EAAC752}.Debug|x86.ActiveCfg = Debug|Any CPU
		{AD6A74F7-B447-4E44-A07B-4B628EAAC752}.Debug|x86.Build.0 = Debug|Any CPU
		{AD6A74F7-B447-4E44-A07B-4B628EAAC752}.Release|Any CPU.ActiveCfg = Release|Any CPU
		{AD6A74F7-B447-4E44-A07B-4B628EAAC752}.Release|Any CPU.Build.0 = Release|Any CPU
		{AD6A74F7-B447-4E44-A07B-4B628EAAC752}.Release|x64.ActiveCfg = Release|Any CPU
		{AD6A74F7-B447-4E44-A07B-4B628EAAC752}.Release|x64.Build.0 = Release|Any CPU
		{AD6A74F7-B447-4E44-A07B-4B628EAAC752}.Release|x86.ActiveCfg = Release|Any CPU
		{AD6A74F7-B447-4E44-A07B-4B628EAAC752}.Release|x86.Build.0 = Release|Any CPU
	EndGlobalSection
	GlobalSection(NestedProjects) = preSolution
		{4FC933EE-FE2A-4952-A924-35A904079DFA} = {5970AD4D-3BAB-4EA0-ABF5-11D7B2C439A6}
		{64C3DFEC-88F1-4941-818F-5C4FBB07EF53} = {5970AD4D-3BAB-4EA0-ABF5-11D7B2C439A6}
		{4C16D278-9482-4222-8685-277F5E066197} = {5970AD4D-3BAB-4EA0-ABF5-11D7B2C439A6}
		{53F636F9-801E-4157-9CB9-F76B3A07C717} = {5970AD4D-3BAB-4EA0-ABF5-11D7B2C439A6}
		{4839C7AB-2BEA-4B8A-80DB-6AFDEA17F916} = {5970AD4D-3BAB-4EA0-ABF5-11D7B2C439A6}
		{A5CE7961-C1D9-4B3A-A186-BAB5F290C5DF} = {5970AD4D-3BAB-4EA0-ABF5-11D7B2C439A6}
		{14985D4F-6B50-431B-A459-32EC9F9D9FF2} = {5970AD4D-3BAB-4EA0-ABF5-11D7B2C439A6}
		{8D08F526-F9D1-44C9-9D7B-DB2C1B5DC0DB} = {543961E9-535A-4B54-B979-7024494A6FD9}
		{AD6A74F7-B447-4E44-A07B-4B628EAAC752} = {543961E9-535A-4B54-B979-7024494A6FD9}
	EndGlobalSection
EndGlobal
