
Microsoft Visual Studio Solution File, Format Version 12.00
# Visual Studio 15
VisualStudioVersion = 15.0.26124.0
MinimumVisualStudioVersion = 15.0.26124.0
Project("{2150E333-8FDC-42A3-9474-1A3956D46DE8}") = "Threads", "Threads", "{5970AD4D-3BAB-4EA0-ABF5-11D7B2C439A6}"
EndProject
Project("{FAE04EC0-301F-11D3-BF4B-00C04F79EFBC}") = "Thread_Basic", "Threads\Thread_Basic\Thread_Basic.csproj", "{4FC933EE-FE2A-4952-A924-35A904079DFA}"
EndProject
Global
	GlobalSection(SolutionConfigurationPlatforms) = preSolution
		Debug|Any CPU = Debug|Any CPU
		Debug|x64 = Debug|x64
		Debug|x86 = Debug|x86
		Release|Any CPU = Release|Any CPU
		Release|x64 = Release|x64
		Release|x86 = Release|x86
	EndGlobalSection
	GlobalSection(SolutionProperties) = preSolution
		HideSolutionNode = FALSE
	EndGlobalSection
	GlobalSection(ProjectConfigurationPlatforms) = postSolution
		{4FC933EE-FE2A-4952-A924-35A904079DFA}.Debug|Any CPU.ActiveCfg = Debug|Any CPU
		{4FC933EE-FE2A-4952-A924-35A904079DFA}.Debug|Any CPU.Build.0 = Debug|Any CPU
		{4FC933EE-FE2A-4952-A924-35A904079DFA}.Debug|x64.ActiveCfg = Debug|Any CPU
		{4FC933EE-FE2A-4952-A924-35A904079DFA}.Debug|x64.Build.0 = Debug|Any CPU
		{4FC933EE-FE2A-4952-A924-35A904079DFA}.Debug|x86.ActiveCfg = Debug|Any CPU
		{4FC933EE-FE2A-4952-A924-35A904079DFA}.Debug|x86.Build.0 = Debug|Any CPU
		{4FC933EE-FE2A-4952-A924-35A904079DFA}.Release|Any CPU.ActiveCfg = Release|Any CPU
		{4FC933EE-FE2A-4952-A924-35A904079DFA}.Release|Any CPU.Build.0 = Release|Any CPU
		{4FC933EE-FE2A-4952-A924-35A904079DFA}.Release|x64.ActiveCfg = Release|Any CPU
		{4FC933EE-FE2A-4952-A924-35A904079DFA}.Release|x64.Build.0 = Release|Any CPU
		{4FC933EE-FE2A-4952-A924-35A904079DFA}.Release|x86.ActiveCfg = Release|Any CPU
		{4FC933EE-FE2A-4952-A924-35A904079DFA}.Release|x86.Build.0 = Release|Any CPU
	EndGlobalSection
	GlobalSection(NestedProjects) = preSolution
		{4FC933EE-FE2A-4952-A924-35A904079DFA} = {5970AD4D-3BAB-4EA0-ABF5-11D7B2C439A6}
	EndGlobalSection
EndGlobal
